github.com/go-sql-driver/mysql v1.6.0 h1:BCTh4TKNUYmOmMUcQ3IipzF5prigylS7XXjEkfCHuOE=
github.com/go-sql-driver/mysql v1.6.0/go.mod h1:DCzpHaOWr8IXmIStZouvnhqoel9Qv2LBy8hT2VhHyBg=
github.com/kei2100/sync-until-succeed-once v0.0.1 h1:u/t8C7YQgVqYwuihvN5P+O4g6futQJkvl+bv7jQji70=
github.com/kei2100/sync-until-succeed-once v0.0.1/go.mod h1:dccFNZgoGq4AwWG7scbe8kevRNxBS345vKcMWsX6QrE=
